
Microsoft Visual Studio Solution File, Format Version 12.00
# Visual Studio 14
VisualStudioVersion = 14.0.25420.1
MinimumVisualStudioVersion = 10.0.40219.1
Project("{FAE04EC0-301F-11D3-BF4B-00C04F79EFBC}") = "PathikjiMobileApp", "PathikjiMobileApp\PathikjiMobileApp\PathikjiMobileApp.csproj", "{4F8B3D89-4110-44E0-B8B7-24C01A2D14A8}"
EndProject
Project("{FAE04EC0-301F-11D3-BF4B-00C04F79EFBC}") = "PathikjiMobileApp.Droid", "PathikjiMobileApp\PathikjiMobileApp.Droid\PathikjiMobileApp.Droid.csproj", "{C7B535FE-5AB8-475A-900D-A2FBF6114418}"
EndProject
Project("{FAE04EC0-301F-11D3-BF4B-00C04F79EFBC}") = "PathikjiMobileApp.iOS", "PathikjiMobileApp\PathikjiMobileApp.iOS\PathikjiMobileApp.iOS.csproj", "{743348B9-A72C-4DB5-87AD-29C4B5402C1D}"
EndProject
Global
	GlobalSection(SolutionConfigurationPlatforms) = preSolution
		Ad-Hoc|Any CPU = Ad-Hoc|Any CPU
		Ad-Hoc|iPhone = Ad-Hoc|iPhone
		Ad-Hoc|iPhoneSimulator = Ad-Hoc|iPhoneSimulator
		AppStore|Any CPU = AppStore|Any CPU
		AppStore|iPhone = AppStore|iPhone
		AppStore|iPhoneSimulator = AppStore|iPhoneSimulator
		Debug|Any CPU = Debug|Any CPU
		Debug|iPhone = Debug|iPhone
		Debug|iPhoneSimulator = Debug|iPhoneSimulator
		Release|Any CPU = Release|Any CPU
		Release|iPhone = Release|iPhone
		Release|iPhoneSimulator = Release|iPhoneSimulator
	EndGlobalSection
	GlobalSection(ProjectConfigurationPlatforms) = postSolution
		{4F8B3D89-4110-44E0-B8B7-24C01A2D14A8}.Ad-Hoc|Any CPU.ActiveCfg = Release|Any CPU
		{4F8B3D89-4110-44E0-B8B7-24C01A2D14A8}.Ad-Hoc|Any CPU.Build.0 = Release|Any CPU
		{4F8B3D89-4110-44E0-B8B7-24C01A2D14A8}.Ad-Hoc|iPhone.ActiveCfg = Release|Any CPU
		{4F8B3D89-4110-44E0-B8B7-24C01A2D14A8}.Ad-Hoc|iPhone.Build.0 = Release|Any CPU
		{4F8B3D89-4110-44E0-B8B7-24C01A2D14A8}.Ad-Hoc|iPhoneSimulator.ActiveCfg = Release|Any CPU
		{4F8B3D89-4110-44E0-B8B7-24C01A2D14A8}.Ad-Hoc|iPhoneSimulator.Build.0 = Release|Any CPU
		{4F8B3D89-4110-44E0-B8B7-24C01A2D14A8}.AppStore|Any CPU.ActiveCfg = Release|Any CPU
		{4F8B3D89-4110-44E0-B8B7-24C01A2D14A8}.AppStore|Any CPU.Build.0 = Release|Any CPU
		{4F8B3D89-4110-44E0-B8B7-24C01A2D14A8}.AppStore|iPhone.ActiveCfg = Release|Any CPU
		{4F8B3D89-4110-44E0-B8B7-24C01A2D14A8}.AppStore|iPhone.Build.0 = Release|Any CPU
		{4F8B3D89-4110-44E0-B8B7-24C01A2D14A8}.AppStore|iPhoneSimulator.ActiveCfg = Release|Any CPU
		{4F8B3D89-4110-44E0-B8B7-24C01A2D14A8}.AppStore|iPhoneSimulator.Build.0 = Release|Any CPU
		{4F8B3D89-4110-44E0-B8B7-24C01A2D14A8}.Debug|Any CPU.ActiveCfg = Debug|Any CPU
		{4F8B3D89-4110-44E0-B8B7-24C01A2D14A8}.Debug|Any CPU.Build.0 = Debug|Any CPU
		{4F8B3D89-4110-44E0-B8B7-24C01A2D14A8}.Debug|iPhone.ActiveCfg = Debug|Any CPU
		{4F8B3D89-4110-44E0-B8B7-24C01A2D14A8}.Debug|iPhone.Build.0 = Debug|Any CPU
		{4F8B3D89-4110-44E0-B8B7-24C01A2D14A8}.Debug|iPhoneSimulator.ActiveCfg = Debug|Any CPU
		{4F8B3D89-4110-44E0-B8B7-24C01A2D14A8}.Debug|iPhoneSimulator.Build.0 = Debug|Any CPU
		{4F8B3D89-4110-44E0-B8B7-24C01A2D14A8}.Release|Any CPU.ActiveCfg = Release|Any CPU
		{4F8B3D89-4110-44E0-B8B7-24C01A2D14A8}.Release|Any CPU.Build.0 = Release|Any CPU
		{4F8B3D89-4110-44E0-B8B7-24C01A2D14A8}.Release|iPhone.ActiveCfg = Release|Any CPU
		{4F8B3D89-4110-44E0-B8B7-24C01A2D14A8}.Release|iPhone.Build.0 = Release|Any CPU
		{4F8B3D89-4110-44E0-B8B7-24C01A2D14A8}.Release|iPhoneSimulator.ActiveCfg = Release|Any CPU
		{4F8B3D89-4110-44E0-B8B7-24C01A2D14A8}.Release|iPhoneSimulator.Build.0 = Release|Any CPU
		{C7B535FE-5AB8-475A-900D-A2FBF6114418}.Ad-Hoc|Any CPU.ActiveCfg = Release|Any CPU
		{C7B535FE-5AB8-475A-900D-A2FBF6114418}.Ad-Hoc|Any CPU.Build.0 = Release|Any CPU
		{C7B535FE-5AB8-475A-900D-A2FBF6114418}.Ad-Hoc|Any CPU.Deploy.0 = Release|Any CPU
		{C7B535FE-5AB8-475A-900D-A2FBF6114418}.Ad-Hoc|iPhone.ActiveCfg = Release|Any CPU
		{C7B535FE-5AB8-475A-900D-A2FBF6114418}.Ad-Hoc|iPhone.Build.0 = Release|Any CPU
		{C7B535FE-5AB8-475A-900D-A2FBF6114418}.Ad-Hoc|iPhone.Deploy.0 = Release|Any CPU
		{C7B535FE-5AB8-475A-900D-A2FBF6114418}.Ad-Hoc|iPhoneSimulator.ActiveCfg = Release|Any CPU
		{C7B535FE-5AB8-475A-900D-A2FBF6114418}.Ad-Hoc|iPhoneSimulator.Build.0 = Release|Any CPU
		{C7B535FE-5AB8-475A-900D-A2FBF6114418}.Ad-Hoc|iPhoneSimulator.Deploy.0 = Release|Any CPU
		{C7B535FE-5AB8-475A-900D-A2FBF6114418}.AppStore|Any CPU.ActiveCfg = Release|Any CPU
		{C7B535FE-5AB8-475A-900D-A2FBF6114418}.AppStore|Any CPU.Build.0 = Release|Any CPU
		{C7B535FE-5AB8-475A-900D-A2FBF6114418}.AppStore|Any CPU.Deploy.0 = Release|Any CPU
		{C7B535FE-5AB8-475A-900D-A2FBF6114418}.AppStore|iPhone.ActiveCfg = Release|Any CPU
		{C7B535FE-5AB8-475A-900D-A2FBF6114418}.AppStore|iPhone.Build.0 = Release|Any CPU
		{C7B535FE-5AB8-475A-900D-A2FBF6114418}.AppStore|iPhone.Deploy.0 = Release|Any CPU
		{C7B535FE-5AB8-475A-900D-A2FBF6114418}.AppStore|iPhoneSimulator.ActiveCfg = Release|Any CPU
		{C7B535FE-5AB8-475A-900D-A2FBF6114418}.AppStore|iPhoneSimulator.Build.0 = Release|Any CPU
		{C7B535FE-5AB8-475A-900D-A2FBF6114418}.AppStore|iPhoneSimulator.Deploy.0 = Release|Any CPU
		{C7B535FE-5AB8-475A-900D-A2FBF6114418}.Debug|Any CPU.ActiveCfg = Debug|Any CPU
		{C7B535FE-5AB8-475A-900D-A2FBF6114418}.Debug|Any CPU.Build.0 = Debug|Any CPU
		{C7B535FE-5AB8-475A-900D-A2FBF6114418}.Debug|Any CPU.Deploy.0 = Debug|Any CPU
		{C7B535FE-5AB8-475A-900D-A2FBF6114418}.Debug|iPhone.ActiveCfg = Debug|Any CPU
		{C7B535FE-5AB8-475A-900D-A2FBF6114418}.Debug|iPhone.Build.0 = Debug|Any CPU
		{C7B535FE-5AB8-475A-900D-A2FBF6114418}.Debug|iPhone.Deploy.0 = Debug|Any CPU
		{C7B535FE-5AB8-475A-900D-A2FBF6114418}.Debug|iPhoneSimulator.ActiveCfg = Debug|Any CPU
		{C7B535FE-5AB8-475A-900D-A2FBF6114418}.Debug|iPhoneSimulator.Build.0 = Debug|Any CPU
		{C7B535FE-5AB8-475A-900D-A2FBF6114418}.Debug|iPhoneSimulator.Deploy.0 = Debug|Any CPU
		{C7B535FE-5AB8-475A-900D-A2FBF6114418}.Release|Any CPU.ActiveCfg = Release|Any CPU
		{C7B535FE-5AB8-475A-900D-A2FBF6114418}.Release|Any CPU.Build.0 = Release|Any CPU
		{C7B535FE-5AB8-475A-900D-A2FBF6114418}.Release|Any CPU.Deploy.0 = Release|Any CPU
		{C7B535FE-5AB8-475A-900D-A2FBF6114418}.Release|iPhone.ActiveCfg = Release|Any CPU
		{C7B535FE-5AB8-475A-900D-A2FBF6114418}.Release|iPhone.Build.0 = Release|Any CPU
		{C7B535FE-5AB8-475A-900D-A2FBF6114418}.Release|iPhone.Deploy.0 = Release|Any CPU
		{C7B535FE-5AB8-475A-900D-A2FBF6114418}.Release|iPhoneSimulator.ActiveCfg = Release|Any CPU
		{C7B535FE-5AB8-475A-900D-A2FBF6114418}.Release|iPhoneSimulator.Build.0 = Release|Any CPU
		{C7B535FE-5AB8-475A-900D-A2FBF6114418}.Release|iPhoneSimulator.Deploy.0 = Release|Any CPU
		{743348B9-A72C-4DB5-87AD-29C4B5402C1D}.Ad-Hoc|Any CPU.ActiveCfg = Ad-Hoc|iPhone
		{743348B9-A72C-4DB5-87AD-29C4B5402C1D}.Ad-Hoc|iPhone.ActiveCfg = Ad-Hoc|iPhone
		{743348B9-A72C-4DB5-87AD-29C4B5402C1D}.Ad-Hoc|iPhone.Build.0 = Ad-Hoc|iPhone
		{743348B9-A72C-4DB5-87AD-29C4B5402C1D}.Ad-Hoc|iPhoneSimulator.ActiveCfg = Ad-Hoc|iPhoneSimulator
		{743348B9-A72C-4DB5-87AD-29C4B5402C1D}.Ad-Hoc|iPhoneSimulator.Build.0 = Ad-Hoc|iPhoneSimulator
		{743348B9-A72C-4DB5-87AD-29C4B5402C1D}.AppStore|Any CPU.ActiveCfg = AppStore|iPhone
		{743348B9-A72C-4DB5-87AD-29C4B5402C1D}.AppStore|iPhone.ActiveCfg = AppStore|iPhone
		{743348B9-A72C-4DB5-87AD-29C4B5402C1D}.AppStore|iPhone.Build.0 = AppStore|iPhone
		{743348B9-A72C-4DB5-87AD-29C4B5402C1D}.AppStore|iPhoneSimulator.ActiveCfg = AppStore|iPhoneSimulator
		{743348B9-A72C-4DB5-87AD-29C4B5402C1D}.AppStore|iPhoneSimulator.Build.0 = AppStore|iPhoneSimulator
		{743348B9-A72C-4DB5-87AD-29C4B5402C1D}.Debug|Any CPU.ActiveCfg = Debug|iPhone
		{743348B9-A72C-4DB5-87AD-29C4B5402C1D}.Debug|iPhone.ActiveCfg = Debug|iPhone
		{743348B9-A72C-4DB5-87AD-29C4B5402C1D}.Debug|iPhone.Build.0 = Debug|iPhone
		{743348B9-A72C-4DB5-87AD-29C4B5402C1D}.Debug|iPhoneSimulator.ActiveCfg = Debug|iPhoneSimulator
		{743348B9-A72C-4DB5-87AD-29C4B5402C1D}.Debug|iPhoneSimulator.Build.0 = Debug|iPhoneSimulator
		{743348B9-A72C-4DB5-87AD-29C4B5402C1D}.Release|Any CPU.ActiveCfg = Release|iPhone
		{743348B9-A72C-4DB5-87AD-29C4B5402C1D}.Release|iPhone.ActiveCfg = Release|iPhone
		{743348B9-A72C-4DB5-87AD-29C4B5402C1D}.Release|iPhone.Build.0 = Release|iPhone
		{743348B9-A72C-4DB5-87AD-29C4B5402C1D}.Release|iPhoneSimulator.ActiveCfg = Release|iPhoneSimulator
		{743348B9-A72C-4DB5-87AD-29C4B5402C1D}.Release|iPhoneSimulator.Build.0 = Release|iPhoneSimulator
	EndGlobalSection
	GlobalSection(SolutionProperties) = preSolution
		HideSolutionNode = FALSE
	EndGlobalSection
EndGlobal
